
Microsoft Visual Studio Solution File, Format Version 12.00
# Visual Studio 15
VisualStudioVersion = 15.0.26730.12
MinimumVisualStudioVersion = 10.0.40219.1
Project("{FAE04EC0-301F-11D3-BF4B-00C04F79EFBC}") = "MatchingGame", "MatchingGame\MatchingGame.csproj", "{E603440C-23C6-49A5-8826-FDE59528EFBD}"
EndProject
Global
	GlobalSection(SolutionConfigurationPlatforms) = preSolution
		Debug|Any CPU = Debug|Any CPU
		Release|Any CPU = Release|Any CPU
	EndGlobalSection
	GlobalSection(ProjectConfigurationPlatforms) = postSolution
		{E603440C-23C6-49A5-8826-FDE59528EFBD}.Debug|Any CPU.ActiveCfg = Debug|Any CPU
		{E603440C-23C6-49A5-8826-FDE59528EFBD}.Debug|Any CPU.Build.0 = Debug|Any CPU
		{E603440C-23C6-49A5-8826-FDE59528EFBD}.Release|Any CPU.ActiveCfg = Release|Any CPU
		{E603440C-23C6-49A5-8826-FDE59528EFBD}.Release|Any CPU.Build.0 = Release|Any CPU
	EndGlobalSection
	GlobalSection(SolutionProperties) = preSolution
		HideSolutionNode = FALSE
	EndGlobalSection
	GlobalSection(ExtensibilityGlobals) = postSolution
		SolutionGuid = {801B5FDC-F48E-4B22-A573-5A95760A1C42}
	EndGlobalSection
EndGlobal
